lockfileVersion: '9.0'

settings:
  autoInstallPeers: true
  excludeLinksFromLockfile: false

importers:

  .:
    dependencies:
      '@imacrayon/alpine-ajax':
        specifier: ^0.12.7
        version: 0.12.7
      alpinejs:
        specifier: ^3.15.12
        version: 3.15.12
      modern-normalize:
        specifier: ^3.0.1
        version: 3.0.1
    devDependencies:
      '@biomejs/biome':
        specifier: ^2.5.3
        version: 2.5.3
      esbuild:
        specifier: ^0.28.1
        version: 0.28.1
      lefthook:
        specifier: ^2.1.10
        version: 2.1.10

packages:

  '@biomejs/biome@2.5.3':
    resolution: {integrity: sha512-MrJswFdei9EfDwwUy2tQrPDpK0AO+RmMFvBoaaJ6ayBc3sUbHdCE+XG5N8vp+5So41ZupZJQm0roHFFhMGVD7A==}
    engines: {node: '>=14.21.3'}
    hasBin: true

  '@biomejs/cli-darwin-arm64@2.5.3':
    resolution: {integrity: sha512-QhYP9muVQ0nUO5zztFuPbEwi4+94sJWVjaZds9aMi1l/KNZBiUjdiSUrGHsTaMGDXrYl+r4AS2sUKfgH3w+V3g==}
    engines: {node: '>=14.21.3'}
    cpu: [arm64]
    os: [darwin]

  '@biomejs/cli-darwin-x64@2.5.3':
    resolution: {integrity: sha512-NC1Ss13UaW7QZX+y8j44bF7AP0jSJdBl6iRhe0MAkvaSqZy+mWg3GaXsrb+eSoHoGDBtaXWEbMVV0iVN2cZ7cQ==}
    engines: {node: '>=14.21.3'}
    cpu: [x64]
    os: [darwin]

  '@biomejs/cli-linux-arm64-musl@2.5.3':
    resolution: {integrity: sha512-fccix0w6xp6csCXgxeC0dU/3ecgRQal0y+cv2SP9ajNlhe7Yrk2Ug7UDe2j9AT9ZDYitkXpvUKgZjjuoYeP4Vg==}
    engines: {node: '>=14.21.3'}
    cpu: [arm64]
    os: [linux]
    libc: [musl]

  '@biomejs/cli-linux-arm64@2.5.3':
    resolution: {integrity: sha512-ksx1KWeyYW18ILL04msF/J4ZBtBDN33znYK8Z/aNv/vlBVxL9/g3mGP+omgHJKy4+KWbK87vcmmpmurfNjSgiA==}
    engines: {node: '>=14.21.3'}
    cpu: [arm64]
    os: [linux]
    libc: [glibc]

  '@biomejs/cli-linux-x64-musl@2.5.3':
    resolution: {integrity: sha512-O/yU9YKRUiHhmcjF2f38PSjseVk3G4VLWYc0G2HWpzdBVREV6G8IGWIVEFf7MFPfWIzNUIvPsEjeAZQIOgnLcQ==}
    engines: {node: '>=14.21.3'}
    cpu: [x64]
    os: [linux]
    libc: [musl]

  '@biomejs/cli-linux-x64@2.5.3':
    resolution: {integrity: sha512-yMkJtilsgvILDcVkh187aVLTb64xYsrxYajx5kym+r1ULkO5HUOfu9AYKLGQbOVLwJtT2utNw7hhFNg+17mUYA==}
    engines: {node: '>=14.21.3'}
    cpu: [x64]
    os: [linux]
    libc: [glibc]

  '@biomejs/cli-win32-arm64@2.5.3':
    resolution: {integrity: sha512-cX5z+GYwRcqEok0AH3KSfQGgqYd0Nomfp6Fbe1uiTtELE38hdH2k842wQ9wLNaF/JJ7r4rjJQ4VR+ce+fRmQbw==}
    engines: {node: '>=14.21.3'}
    cpu: [arm64]
    os: [win32]

  '@biomejs/cli-win32-x64@2.5.3':
    resolution: {integrity: sha512-ExSaJWi4/u6+GXCszlSKpWSjKNbDseAYqqkCznsCsZ/4uidZ/BEqsCc5/3ctlq6dfIubdIIRSVLC/PG9xPl70Q==}
    engines: {node: '>=14.21.3'}
    cpu: [x64]
    os: [win32]

  '@esbuild/aix-ppc64@0.28.1':
    resolution: {integrity: sha512-Svl7tq8k/08+p6CXPpRjQ1fKX+1odH/BQbb48fV6fj3CWHhsoIOoY87w1oHXm0qEpkIK3ZfVgp0hed3XBXzXMQ==}
    engines: {node: '>=18'}
    cpu: [ppc64]
    os: [aix]

  '@esbuild/android-arm64@0.28.1':
    resolution: {integrity: sha512-34EGEbCIAgosYz6goLcopX6Mo7NyGv9tfwEM2/7Ce2VcVRk568iSvniGWcUXIy7wEDR1wzolcxcriFVrWYcwBg==}
    engines: {node: '>=18'}
    cpu: [arm64]
    os: [android]

  '@esbuild/android-arm@0.28.1':
    resolution: {integrity: sha512-0k2F129Xdio1TdJfzJ8sy1Q47vUD2NnwdhiAf7drUN1EBTfPf4hsFCtmMgu/6m8JSzsBrlmVjudMBQqOfG8usQ==}
    engines: {node: '>=18'}
    cpu: [arm]
    os: [android]

  '@esbuild/android-x64@0.28.1':
    resolution: {integrity: sha512-dbwY7ltSMDWsRatcRpCnES4F+im88OCUgGZjy52shC7GqHRE/cYlxNbB4Z4UpJswpcc4Qxd2oE/ufM0p61IKng==}
    engines: {node: '>=18'}
    cpu: [x64]
    os: [android]

  '@esbuild/darwin-arm64@0.28.1':
    resolution: {integrity: sha512-TZbWkQY7kvTAXbXUT7uVACR5cMHsDiSz9z7ZKAX/RTq/WJEk3QyRr0wZpNhBDX+/0CtdqUIJlOiodQcta6tY3Q==}
    engines: {node: '>=18'}
    cpu: [arm64]
    os: [darwin]

  '@esbuild/darwin-x64@0.28.1':
    resolution: {integrity: sha512-zfdzgK9ACBNZLI/CyHTOx81SyNbM6YXn7rxSgX97VjyiPl9W1i4Ka4fgKECEoFCKGpvBj5qArWIGgQjOwkgskQ==}
    engines: {node: '>=18'}
    cpu: [x64]
    os: [darwin]

  '@esbuild/freebsd-arm64@0.28.1':
    resolution: {integrity: sha512-wG2EA8ENdEI0qhkSZMjfqrdY+ziCYCPMmtZjjIwOmXFjmyzEHn+UUxk5of+SYsjtfs3VpnlC7QLzSI5hY/rOAw==}
    engines: {node: '>=18'}
    cpu: [arm64]
    os: [freebsd]

  '@esbuild/freebsd-x64@0.28.1':
    resolution: {integrity: sha512-i7dZ9vQgnvSCzi/rYCXNgtF/U+eKZNJBzu3eTQbRgHnM7tNSizLOkRFAl3qzVc/Op/u5YkHHa4pf/3DOYHthLQ==}
    engines: {node: '>=18'}
    cpu: [x64]
    os: [freebsd]

  '@esbuild/linux-arm64@0.28.1':
    resolution: {integrity: sha512-yHs+0uc8+nvEAfAfxrWQKK5peSNzBc4PegcMO0EJ2hT71uA7vB8Ihg2e77R2P7SG5uYjPbHlLLmve4LLLRCf0g==}
    engines: {node: '>=18'}
    cpu: [arm64]
    os: [linux]

  '@esbuild/linux-arm@0.28.1':
    resolution: {integrity: sha512-qVXBOHQS+d5Y722GwJzJUtOLlX7km3CraOaGormF1pDtPd2C/l1SHRPgjLunLGe51Sh5YYWKMFDyV4SxgMQYTQ==}
    engines: {node: '>=18'}
    cpu: [arm]
    os: [linux]

  '@esbuild/linux-ia32@0.28.1':
    resolution: {integrity: sha512-d1z4ZuP0ajrfz/FhGT4vv278rX8KnPPJx8i5+AtK7TYbx9Le9F1hyzurZpkEyjkGa9dUGhQow4C1NmeGvqxN2w==}
    engines: {node: '>=18'}
    cpu: [ia32]
    os: [linux]

  '@esbuild/linux-loong64@0.28.1':
    resolution: {integrity: sha512-M5sRjUVZrkm1OAPR3dlOYzNmN+loZKGVi1VUQGrwuqLcbR6qeAz+famMhjASeH3YVKvZz+zT1jlh/keC3Rj/lg==}
    engines: {node: '>=18'}
    cpu: [loong64]
    os: [linux]

  '@esbuild/linux-mips64el@0.28.1':
    resolution: {integrity: sha512-mRObBZeHh2OxcBFPWE/FjylkRgZdYuiTR3vaTozquCGOH14iP9oN4x4Ge81CoIDYQrXmIxpFumJBu5MtZpnQJQ==}
    engines: {node: '>=18'}
    cpu: [mips64el]
    os: [linux]

  '@esbuild/linux-ppc64@0.28.1':
    resolution: {integrity: sha512-slScBsMAb3GFDcdrCgLwZtPYRoH2H/youv10QiZyRjmsP48fznoveWytSgCI/R0ZcUgpc0ZhIUEx6LHts8yrfQ==}
    engines: {node: '>=18'}
    cpu: [ppc64]
    os: [linux]

  '@esbuild/linux-riscv64@0.28.1':
    resolution: {integrity: sha512-kw0owk1o0GFETUJyW0jc0G4Yzs0BHZn0JDZ8JRT088vjJYX777BAs1fDGxAC+q831qOs2DTC96mNsG2opdfyyQ==}
    engines: {node: '>=18'}
    cpu: [riscv64]
    os: [linux]

  '@esbuild/linux-s390x@0.28.1':
    resolution: {integrity: sha512-/lAIjX8aYFRByhh6L5rYtPEDRqa9de/4V/juOXcta5frjvzXO4/sqEtyytse0g3zZFuWu5cDN0MkLz2qRDD2Ag==}
    engines: {node: '>=18'}
    cpu: [s390x]
    os: [linux]

  '@esbuild/linux-x64@0.28.1':
    resolution: {integrity: sha512-u/anNYF2mmVOEDwLtnQ1wOr3EZ9sTNGLWrsYGYwHWzGA3Si84IOkHXlbWTD1NB+9/1lcnweYKO54uhxZydNzfA==}
    engines: {node: '>=18'}
    cpu: [x64]
    os: [linux]

  '@esbuild/netbsd-arm64@0.28.1':
    resolution: {integrity: sha512-oks0DYbLwWMmaakTsCb+zL4E+aHRVLom9IJZOAthMQEPiQmydXHkziYEsGYRx0uNV/IjEKGAV941JzH02pflqw==}
    engines: {node: '>=18'}
    cpu: [arm64]
    os: [netbsd]

  '@esbuild/netbsd-x64@0.28.1':
    resolution: {integrity: sha512-aeL6lAnN89Hz43Mlh1G8ARasbuoYvSITDEx0tHh5b7jJnHcssqgjy9Yx430GDpmCa6OyrKoS0aNRjKundRizGg==}
    engines: {node: '>=18'}
    cpu: [x64]
    os: [netbsd]

  '@esbuild/openbsd-arm64@0.28.1':
    resolution: {integrity: sha512-MEFJe5C3R8pwXdZ5Y21oo6m7ePiS0d9pWucn99O/wvyJZChoIQKrQDxKrGeW8F5+T0okTHesAmDeiHDTIq0V/Q==}
    engines: {node: '>=18'}
    cpu: [arm64]
    os: [openbsd]

  '@esbuild/openbsd-x64@0.28.1':
    resolution: {integrity: sha512-i/ZLIOafE0Z8cI/XANJAixoJL/uRAoS2xOA3rb0xN+KK0K177cMAsQYkzHtBrtMXAKuAc7HGgcWiZ/sRC1Nxgw==}
    engines: {node: '>=18'}
    cpu: [x64]
    os: [openbsd]

  '@esbuild/openharmony-arm64@0.28.1':
    resolution: {integrity: sha512-ge+Z7EXFNt2BO1oAMsVpiQ8EwndV9i1xXerAeTIK7AtPs3bKFXQM7nlRxDSIUIMeueR1CNXxqztLzdNeReKBJg==}
    engines: {node: '>=18'}
    cpu: [arm64]
    os: [openharmony]

  '@esbuild/sunos-x64@0.28.1':
    resolution: {integrity: sha512-BEjgtECkL3vY+SaSQ6nzVfiALUeFxpawyp8Jmf5PtYhf1Ug40N1h/hxlhts+f1FvSvarEigdxS3BlSMI2PJLcQ==}
    engines: {node: '>=18'}
    cpu: [x64]
    os: [sunos]

  '@esbuild/win32-arm64@0.28.1':
    resolution: {integrity: sha512-lCv9eK/H6ZJWbE7bh2nw54CZ9M2nupBxJcTsdk/QQnWkdSjKGuxmmH8/GWrlT1eMmZfn4dGcCjRte397WqfQXA==}
    engines: {node: '>=18'}
    cpu: [arm64]
    os: [win32]

  '@esbuild/win32-ia32@0.28.1':
    resolution: {integrity: sha512-zvb/mB2bSCoJOpoCBgYKKpX6YM6mJBlBUVUtVj41DlZJVEB6/0CKlRYxP5wWl1C1ILiCoAU5wZZ4q1P3qeS6Eg==}
    engines: {node: '>=18'}
    cpu: [ia32]
    os: [win32]

  '@esbuild/win32-x64@0.28.1':
    resolution: {integrity: sha512-bm4Mowrv+GXMlpWX++EcXw/iLyd1o3+bJkC2DkWXYVvgZCqD/bSj9ctZeAMC3cIxgjRVR2Dufaiu4YPxr5gW1A==}
    engines: {node: '>=18'}
    cpu: [x64]
    os: [win32]

  '@imacrayon/alpine-ajax@0.12.7':
    resolution: {integrity: sha512-txpLA8Jtub5gx90ujHNcHehGNiaMIEfWPgEaPeu+5WUARFJok4zQJ8KaXRBQVxpmXNkTEngKFuKFn7MvEgBjrA==}

  '@vue/reactivity@3.1.5':
    resolution: {integrity: sha512-1tdfLmNjWG6t/CsPldh+foumYFo3cpyCHgBYQ34ylaMsJ+SNHQ1kApMIa8jN+i593zQuaw3AdWH0nJTARzCFhg==}

  '@vue/shared@3.1.5':
    resolution: {integrity: sha512-oJ4F3TnvpXaQwZJNF3ZK+kLPHKarDmJjJ6jyzVNDKH9md1dptjC7lWR//jrGuLdek/U6iltWxqAnYOu8gCiOvA==}

  alpinejs@3.15.12:
    resolution: {integrity: sha512-nJvPAQVNPdZZ0NrExJ/kzQco3ijR8LwvCOadQecllESiqT4NyZ/57sN9V2XyvhlBGAbmlKYgeWZvYdKq99ij/Q==}

  esbuild@0.28.1:
    resolution: {integrity: sha512-HrJrvZv5ayxBzPfwphOoNzkzOIIlifzk0KJrGK2c8R4+LKpMtpYLQeUdjnwjWv/LZlkH2laZk+4w78pi99D4Vw==}
    engines: {node: '>=18'}
    hasBin: true

  lefthook-darwin-arm64@2.1.10:
    resolution: {integrity: sha512-nw+X8wRNDoUUV6WSteyKBbcLySq+fsmZt5WV/s50ZJpysmsDKJOUMln6SllNfP+60dzUahAO7REco/2633BsLg==}
    cpu: [arm64]
    os: [darwin]

  lefthook-darwin-x64@2.1.10:
    resolution: {integrity: sha512-KQ/bHmvpkFdHMn4pZnUdTf+GuSC+aBBgBTxZT4GW+6cSf+qbErKZBhK7cH6BmILsvx43+VzEArvHYY7YOfRFOQ==}
    cpu: [x64]
    os: [darwin]

  lefthook-freebsd-arm64@2.1.10:
    resolution: {integrity: sha512-8su6DwydP7+pv7kG0zCtjphqsw4ouOnfexRUErapy5GTxYBoUOhYz3RSHTSWNRsK6W4jva7FPUh2Lp5/PSn30w==}
    cpu: [arm64]
    os: [freebsd]

  lefthook-freebsd-x64@2.1.10:
    resolution: {integrity: sha512-GeAJEFxko3Lk+AsnS3NleAFrpyMLFUKOlgJvPKuU0xHwVEI/z+ZoCcmuO0BX+4CS0NLbZhC/YQAvBASqDvvVdQ==}
    cpu: [x64]
    os: [freebsd]

  lefthook-linux-arm64@2.1.10:
    resolution: {integrity: sha512-1sHTCmpTWjVMs+yKPBLRNT1kuuIr1yjietlk7rCB6wFPVOS6Ph3o2zPFH2AvW1UymHlqwyHXzBr9EtDpQ7j1mQ==}
    cpu: [arm64]
    os: [linux]

  lefthook-linux-x64@2.1.10:
    resolution: {integrity: sha512-z/VlRB3bh6mBvW3r1rwnJ5vP8z+Krx5gJzkZ4veDXh+6FlRTx8wtd3g3fllOv/yZMxkgmL3fQoFXv05Esa7vBQ==}
    cpu: [x64]
    os: [linux]

  lefthook-openbsd-arm64@2.1.10:
    resolution: {integrity: sha512-430zL8sSIKw5P0YXGG6PB+eAhHa06n0PXuaERaAQE4Ss3odfqwnl5Mq9hQmkEnOS1EGiQEKkd0UHv/i4PtMNIQ==}
    cpu: [arm64]
    os: [openbsd]

  lefthook-openbsd-x64@2.1.10:
    resolution: {integrity: sha512-bgkO8PphGZVDhQgCJ524aYYPI5491pVmCiLPGjBIo1AvOSlIyw4N1Y+1C3QfqwEmechzw+Aq16SNc8pqv6UuXg==}
    cpu: [x64]
    os: [openbsd]

  lefthook-windows-arm64@2.1.10:
    resolution: {integrity: sha512-5Q6etF0Fla2DDA4ilDySrdNgiR5+W7cJZwnZ69Je3kvWCaWm4wnkuc8FEdjp3kiL2x3ZXipdI00f5vpO8aWmog==}
    cpu: [arm64]
    os: [win32]

  lefthook-windows-x64@2.1.10:
    resolution: {integrity: sha512-c/XH8YZtylG4XaxzqFfXluvq2LXq2W/p54Bnzn3+Z7E5X2Fk3JlFJAibulMbIt2+w8T7UI/r97ok5GqE4kGaeA==}
    cpu: [x64]
    os: [win32]

  lefthook@2.1.10:
    resolution: {integrity: sha512-K7mM4WoqMwqfXYK11EHy+lSH1uW8XHni3Yn/bSqyerPkUPygGdf3xn18JoV5HyA06xuQL3ofGAOjG01QX9oJ4w==}
    hasBin: true

  modern-normalize@3.0.1:
    resolution: {integrity: sha512-VqlMdYi59Uch6fnUPxnpijWUQe+TW6zeWCvyr6Mb7JibheHzSuAAoJi2c71ZwIaWKpECpGpYHoaaBp6rBRr+/g==}
    engines: {node: '>=6'}

snapshots:

  '@biomejs/biome@2.5.3':
    optionalDependencies:
      '@biomejs/cli-darwin-arm64': 2.5.3
      '@biomejs/cli-darwin-x64': 2.5.3
      '@biomejs/cli-linux-arm64': 2.5.3
      '@biomejs/cli-linux-arm64-musl': 2.5.3
      '@biomejs/cli-linux-x64': 2.5.3
      '@biomejs/cli-linux-x64-musl': 2.5.3
      '@biomejs/cli-win32-arm64': 2.5.3
      '@biomejs/cli-win32-x64': 2.5.3

  '@biomejs/cli-darwin-arm64@2.5.3':
    optional: true

  '@biomejs/cli-darwin-x64@2.5.3':
    optional: true

  '@biomejs/cli-linux-arm64-musl@2.5.3':
    optional: true

  '@biomejs/cli-linux-arm64@2.5.3':
    optional: true

  '@biomejs/cli-linux-x64-musl@2.5.3':
    optional: true

  '@biomejs/cli-linux-x64@2.5.3':
    optional: true

  '@biomejs/cli-win32-arm64@2.5.3':
    optional: true

  '@biomejs/cli-win32-x64@2.5.3':
    optional: true

  '@esbuild/aix-ppc64@0.28.1':
    optional: true

  '@esbuild/android-arm64@0.28.1':
    optional: true

  '@esbuild/android-arm@0.28.1':
    optional: true

  '@esbuild/android-x64@0.28.1':
    optional: true

  '@esbuild/darwin-arm64@0.28.1':
    optional: true

  '@esbuild/darwin-x64@0.28.1':
    optional: true

  '@esbuild/freebsd-arm64@0.28.1':
    optional: true

  '@esbuild/freebsd-x64@0.28.1':
    optional: true

  '@esbuild/linux-arm64@0.28.1':
    optional: true

  '@esbuild/linux-arm@0.28.1':
    optional: true

  '@esbuild/linux-ia32@0.28.1':
    optional: true

  '@esbuild/linux-loong64@0.28.1':
    optional: true

  '@esbuild/linux-mips64el@0.28.1':
    optional: true

  '@esbuild/linux-ppc64@0.28.1':
    optional: true

  '@esbuild/linux-riscv64@0.28.1':
    optional: true

  '@esbuild/linux-s390x@0.28.1':
    optional: true

  '@esbuild/linux-x64@0.28.1':
    optional: true

  '@esbuild/netbsd-arm64@0.28.1':
    optional: true

  '@esbuild/netbsd-x64@0.28.1':
    optional: true

  '@esbuild/openbsd-arm64@0.28.1':
    optional: true

  '@esbuild/openbsd-x64@0.28.1':
    optional: true

  '@esbuild/openharmony-arm64@0.28.1':
    optional: true

  '@esbuild/sunos-x64@0.28.1':
    optional: true

  '@esbuild/win32-arm64@0.28.1':
    optional: true

  '@esbuild/win32-ia32@0.28.1':
    optional: true

  '@esbuild/win32-x64@0.28.1':
    optional: true

  '@imacrayon/alpine-ajax@0.12.7': {}

  '@vue/reactivity@3.1.5':
    dependencies:
      '@vue/shared': 3.1.5

  '@vue/shared@3.1.5': {}

  alpinejs@3.15.12:
    dependencies:
      '@vue/reactivity': 3.1.5

  esbuild@0.28.1:
    optionalDependencies:
      '@esbuild/aix-ppc64': 0.28.1
      '@esbuild/android-arm': 0.28.1
      '@esbuild/android-arm64': 0.28.1
      '@esbuild/android-x64': 0.28.1
      '@esbuild/darwin-arm64': 0.28.1
      '@esbuild/darwin-x64': 0.28.1
      '@esbuild/freebsd-arm64': 0.28.1
      '@esbuild/freebsd-x64': 0.28.1
      '@esbuild/linux-arm': 0.28.1
      '@esbuild/linux-arm64': 0.28.1
      '@esbuild/linux-ia32': 0.28.1
      '@esbuild/linux-loong64': 0.28.1
      '@esbuild/linux-mips64el': 0.28.1
      '@esbuild/linux-ppc64': 0.28.1
      '@esbuild/linux-riscv64': 0.28.1
      '@esbuild/linux-s390x': 0.28.1
      '@esbuild/linux-x64': 0.28.1
      '@esbuild/netbsd-arm64': 0.28.1
      '@esbuild/netbsd-x64': 0.28.1
      '@esbuild/openbsd-arm64': 0.28.1
      '@esbuild/openbsd-x64': 0.28.1
      '@esbuild/openharmony-arm64': 0.28.1
      '@esbuild/sunos-x64': 0.28.1
      '@esbuild/win32-arm64': 0.28.1
      '@esbuild/win32-ia32': 0.28.1
      '@esbuild/win32-x64': 0.28.1

  lefthook-darwin-arm64@2.1.10:
    optional: true

  lefthook-darwin-x64@2.1.10:
    optional: true

  lefthook-freebsd-arm64@2.1.10:
    optional: true

  lefthook-freebsd-x64@2.1.10:
    optional: true

  lefthook-linux-arm64@2.1.10:
    optional: true

  lefthook-linux-x64@2.1.10:
    optional: true

  lefthook-openbsd-arm64@2.1.10:
    optional: true

  lefthook-openbsd-x64@2.1.10:
    optional: true

  lefthook-windows-arm64@2.1.10:
    optional: true

  lefthook-windows-x64@2.1.10:
    optional: true

  lefthook@2.1.10:
    optionalDependencies:
      lefthook-darwin-arm64: 2.1.10
      lefthook-darwin-x64: 2.1.10
      lefthook-freebsd-arm64: 2.1.10
      lefthook-freebsd-x64: 2.1.10
      lefthook-linux-arm64: 2.1.10
      lefthook-linux-x64: 2.1.10
      lefthook-openbsd-arm64: 2.1.10
      lefthook-openbsd-x64: 2.1.10
      lefthook-windows-arm64: 2.1.10
      lefthook-windows-x64: 2.1.10

  modern-normalize@3.0.1: {}
